PODS:
  - PPLoadingIndicator (0.1.2)

DEPENDENCIES:
  - PPLoadingIndicator (from `../`)

EXTERNAL SOURCES:
  PPLoadingIndicator:
    :path: "../"

SPEC CHECKSUMS:
  PPLoadingIndicator: 8b66392a84deee128ce8b4f238b20601ee701743

PODFILE CHECKSUM: dfd2d86469c3c4a7bc91d556e9749f11edd769bd

COCOAPODS: 1.5.3
